
Microsoft Visual Studio Solution File, Format Version 12.00
# Visual Studio Version 17
VisualStudioVersion = 17.3.32811.315
MinimumVisualStudioVersion = 10.0.40219.1
Project("{FAE04EC0-301F-11D3-BF4B-00C04F79EFBC}") = "XRecorder", "XRecorder.csproj", "{22AFEA6D-2B31-4D78-A1E0-FC684CFA6294}"
EndProject
Global
	GlobalSection(SolutionConfigurationPlatforms) = preSolution
		Debug|Any CPU = Debug|Any CPU
		Release|Any CPU = Release|Any CPU
	EndGlobalSection
	GlobalSection(ProjectConfigurationPlatforms) = postSolution
		{22AFEA6D-2B31-4D78-A1E0-FC684CFA6294}.Debug|Any CPU.ActiveCfg = Debug|Any CPU
		{22AFEA6D-2B31-4D78-A1E0-FC684CFA6294}.Debug|Any CPU.Build.0 = Debug|Any CPU
		{22AFEA6D-2B31-4D78-A1E0-FC684CFA6294}.Release|Any CPU.ActiveCfg = Release|Any CPU
		{22AFEA6D-2B31-4D78-A1E0-FC684CFA6294}.Release|Any CPU.Build.0 = Release|Any CPU
	EndGlobalSection
	GlobalSection(SolutionProperties) = preSolution
		HideSolutionNode = FALSE
	EndGlobalSection
	GlobalSection(ExtensibilityGlobals) = postSolution
		SolutionGuid = {A1C4797B-44BB-4887-9C07-7D7EF42C5FB8}
	EndGlobalSection
EndGlobal
